// !$*UTF8*$!
{
	archiveVersion = 1;
	classes = {
	};
	objectVersion = 56;
	objects = {

/* Begin PBXBuildFile section */
		2E45AAE12C9F2280D586780A /* Pods_High_water_app.framework in Frameworks */ = {isa = PBXBuildFile; fileRef = E47C577513D43E833336D636 /* Pods_High_water_app.framework */; };
		6E1389A32ABDD25A00C7CACA /* AppDelegate.swift in Sources */ = {isa = PBXBuildFile; fileRef = 6E1389A22ABDD25A00C7CACA /* AppDelegate.swift */; };
		6E1389A52ABDD25A00C7CACA /* SceneDelegate.swift in Sources */ = {isa = PBXBuildFile; fileRef = 6E1389A42ABDD25A00C7CACA /* SceneDelegate.swift */; };
		6E1389A72ABDD25A00C7CACA /* ViewController.swift in Sources */ = {isa = PBXBuildFile; fileRef = 6E1389A62ABDD25A00C7CACA /* ViewController.swift */; };
		6E1389AA2ABDD25A00C7CACA /* Main.storyboard in Resources */ = {isa = PBXBuildFile; fileRef = 6E1389A82ABDD25A00C7CACA /* Main.storyboard */; };
		6E1389AD2ABDD25A00C7CACA /* High_water_app.xcdatamodeld in Sources */ = {isa = PBXBuildFile; fileRef = 6E1389AB2ABDD25A00C7CACA /* High_water_app.xcdatamodeld */; };
		6E1389AF2ABDD25B00C7CACA /* Assets.xcassets in Resources */ = {isa = PBXBuildFile; fileRef = 6E1389AE2ABDD25B00C7CACA /* Assets.xcassets */; };
		6E1389B22ABDD25B00C7CACA /* LaunchScreen.storyboard in Resources */ = {isa = PBXBuildFile; fileRef = 6E1389B02ABDD25B00C7CACA /* LaunchScreen.storyboard */; };
		6E1389BC2ABDD94C00C7CACA /* LocationViewModel.swift in Sources */ = {isa = PBXBuildFile; fileRef = 6E1389BB2ABDD94C00C7CACA /* LocationViewModel.swift */; };
		6E1389BF2ABDDA1200C7CACA /* LocationService.swift in Sources */ = {isa = PBXBuildFile; fileRef = 6E1389BE2ABDDA1200C7CACA /* LocationService.swift */; };
		6E6BA65A2AC009F6004CCC55 /* UserPreferences.swift in Sources */ = {isa = PBXBuildFile; fileRef = 6E6BA6592AC009F6004CCC55 /* UserPreferences.swift */; };
		6E6BA65D2AC00E9E004CCC55 /* LocationModel.swift in Sources */ = {isa = PBXBuildFile; fileRef = 6E6BA65C2AC00E9E004CCC55 /* LocationModel.swift */; };
		6E6BA65F2AC01259004CCC55 /* FirebaseService.swift in Sources */ = {isa = PBXBuildFile; fileRef = 6E6BA65E2AC01259004CCC55 /* FirebaseService.swift */; };
		6E6BA6632AC01580004CCC55 /* Structure+Extension.swift in Sources */ = {isa = PBXBuildFile; fileRef = 6E6BA6622AC01580004CCC55 /* Structure+Extension.swift */; };
		6E6BA6652AC01CE4004CCC55 /* GoogleService-Info.plist in Resources */ = {isa = PBXBuildFile; fileRef = 6E6BA6642AC01CE4004CCC55 /* GoogleService-Info.plist */; };
		6E6BA66C2AC06061004CCC55 /* 711-trash-toolbar.png in Resources */ = {isa = PBXBuildFile; fileRef = 6E6BA6692AC06060004CCC55 /* 711-trash-toolbar.png */; };
		6E6BA66D2AC06061004CCC55 /* 711-trash-toolbar@3x.png in Resources */ = {isa = PBXBuildFile; fileRef = 6E6BA66A2AC06060004CCC55 /* 711-trash-toolbar@3x.png */; };
		6E6BA66E2AC06061004CCC55 /* 711-trash-toolbar@2x.png in Resources */ = {isa = PBXBuildFile; fileRef = 6E6BA66B2AC06061004CCC55 /* 711-trash-toolbar@2x.png */; };
		6E6BA6702AC09C5C004CCC55 /* Date+Extension.swift in Sources */ = {isa = PBXBuildFile; fileRef = 6E6BA66F2AC09C5C004CCC55 /* Date+Extension.swift */; };
		6E6BA6732AC0B130004CCC55 /* Annotation.swift in Sources */ = {isa = PBXBuildFile; fileRef = 6E6BA6722AC0B130004CCC55 /* Annotation.swift */; };
/* End PBXBuildFile section */

/* Begin PBXFileReference section */
		597BCA176EEEC317E200D091 /* Pods-High-water-app.debug.xcconfig */ = {isa = PBXFileReference; includeInIndex = 1; lastKnownFileType = text.xcconfig; name = "Pods-High-water-app.debug.xcconfig"; path = "Target Support Files/Pods-High-water-app/Pods-High-water-app.debug.xcconfig"; sourceTree = "<group>"; };
		6E13899F2ABDD25A00C7CACA /* High-water-app.app */ = {isa = PBXFileReference; explicitFileType = wrapper.application; includeInIndex = 0; path = "High-water-app.app"; sourceTree = BUILT_PRODUCTS_DIR; };
		6E1389A22ABDD25A00C7CACA /* AppDelegate.swift */ = {isa = PBXFileReference; lastKnownFileType = sourcecode.swift; path = AppDelegate.swift; sourceTree = "<group>"; };
		6E1389A42ABDD25A00C7CACA /* SceneDelegate.swift */ = {isa = PBXFileReference; lastKnownFileType = sourcecode.swift; path = SceneDelegate.swift; sourceTree = "<group>"; };
		6E1389A62ABDD25A00C7CACA /* ViewController.swift */ = {isa = PBXFileReference; lastKnownFileType = sourcecode.swift; path = ViewController.swift; sourceTree = "<group>"; };
		6E1389A92ABDD25A00C7CACA /* Base */ = {isa = PBXFileReference; lastKnownFileType = file.storyboard; name = Base; path = Base.lproj/Main.storyboard; sourceTree = "<group>"; };
		6E1389AC2ABDD25A00C7CACA /* High_water_app.xcdatamodel */ = {isa = PBXFileReference; lastKnownFileType = wrapper.xcdatamodel; path = High_water_app.xcdatamodel; sourceTree = "<group>"; };
		6E1389AE2ABDD25B00C7CACA /* Assets.xcassets */ = {isa = PBXFileReference; lastKnownFileType = folder.assetcatalog; path = Assets.xcassets; sourceTree = "<group>"; };
		6E1389B12ABDD25B00C7CACA /* Base */ = {isa = PBXFileReference; lastKnownFileType = file.storyboard; name = Base; path = Base.lproj/LaunchScreen.storyboard; sourceTree = "<group>"; };
		6E1389B32ABDD25B00C7CACA /* Info.plist */ = {isa = PBXFileReference; lastKnownFileType = text.plist.xml; path = Info.plist; sourceTree = "<group>"; };
		6E1389BB2ABDD94C00C7CACA /* LocationViewModel.swift */ = {isa = PBXFileReference; lastKnownFileType = sourcecode.swift; path = LocationViewModel.swift; sourceTree = "<group>"; };
		6E1389BE2ABDDA1200C7CACA /* LocationService.swift */ = {isa = PBXFileReference; lastKnownFileType = sourcecode.swift; path = LocationService.swift; sourceTree = "<group>"; };
		6E6BA6592AC009F6004CCC55 /* UserPreferences.swift */ = {isa = PBXFileReference; lastKnownFileType = sourcecode.swift; path = UserPreferences.swift; sourceTree = "<group>"; };
		6E6BA65C2AC00E9E004CCC55 /* LocationModel.swift */ = {isa = PBXFileReference; lastKnownFileType = sourcecode.swift; path = LocationModel.swift; sourceTree = "<group>"; };
		6E6BA65E2AC01259004CCC55 /* FirebaseService.swift */ = {isa = PBXFileReference; lastKnownFileType = sourcecode.swift; path = FirebaseService.swift; sourceTree = "<group>"; };
		6E6BA6622AC01580004CCC55 /* Structure+Extension.swift */ = {isa = PBXFileReference; lastKnownFileType = sourcecode.swift; path = "Structure+Extension.swift"; sourceTree = "<group>"; };
		6E6BA6642AC01CE4004CCC55 /* GoogleService-Info.plist */ = {isa = PBXFileReference; fileEncoding = 4; lastKnownFileType = text.plist.xml; path = "GoogleService-Info.plist"; sourceTree = "<group>"; };
		6E6BA6692AC06060004CCC55 /* 711-trash-toolbar.png */ = {isa = PBXFileReference; lastKnownFileType = image.png; path = "711-trash-toolbar.png"; sourceTree = "<group>"; };
		6E6BA66A2AC06060004CCC55 /* 711-trash-toolbar@3x.png */ = {isa = PBXFileReference; lastKnownFileType = image.png; path = "711-trash-toolbar@3x.png"; sourceTree = "<group>"; };
		6E6BA66B2AC06061004CCC55 /* 711-trash-toolbar@2x.png */ = {isa = PBXFileReference; lastKnownFileType = image.png; path = "711-trash-toolbar@2x.png"; sourceTree = "<group>"; };
		6E6BA66F2AC09C5C004CCC55 /* Date+Extension.swift */ = {isa = PBXFileReference; lastKnownFileType = sourcecode.swift; path = "Date+Extension.swift"; sourceTree = "<group>"; };
		6E6BA6722AC0B130004CCC55 /* Annotation.swift */ = {isa = PBXFileReference; lastKnownFileType = sourcecode.swift; path = Annotation.swift; sourceTree = "<group>"; };
		A7D827A42E5BF108C9EE7518 /* Pods-High-water-app.release.xcconfig */ = {isa = PBXFileReference; includeInIndex = 1; lastKnownFileType = text.xcconfig; name = "Pods-High-water-app.release.xcconfig"; path = "Target Support Files/Pods-High-water-app/Pods-High-water-app.release.xcconfig"; sourceTree = "<group>"; };
		E47C577513D43E833336D636 /* Pods_High_water_app.framework */ = {isa = PBXFileReference; explicitFileType = wrapper.framework; includeInIndex = 0; path = Pods_High_water_app.framework; sourceTree = BUILT_PRODUCTS_DIR; };
/* End PBXFileReference section */

/* Begin PBXFrameworksBuildPhase section */
		6E13899C2ABDD25A00C7CACA /* Frameworks */ = {
			isa = PBXFrameworksBuildPhase;
			buildActionMask = 2147483647;
			files = (
				2E45AAE12C9F2280D586780A /* Pods_High_water_app.framework in Frameworks */,
			);
			runOnlyForDeploymentPostprocessing = 0;
		};
/* End PBXFrameworksBuildPhase section */

/* Begin PBXGroup section */
		6E1389962ABDD25A00C7CACA = {
			isa = PBXGroup;
			children = (
				6E6BA6642AC01CE4004CCC55 /* GoogleService-Info.plist */,
				6E1389A12ABDD25A00C7CACA /* High-water-app */,
				6E1389A02ABDD25A00C7CACA /* Products */,
				806B3355B7D39B273F140174 /* Pods */,
				A59EEB8F4C8F30C25F943FBE /* Frameworks */,
			);
			sourceTree = "<group>";
		};
		6E1389A02ABDD25A00C7CACA /* Products */ = {
			isa = PBXGroup;
			children = (
				6E13899F2ABDD25A00C7CACA /* High-water-app.app */,
			);
			name = Products;
			sourceTree = "<group>";
		};
		6E1389A12ABDD25A00C7CACA /* High-water-app */ = {
			isa = PBXGroup;
			children = (
				6E6BA6712AC0B120004CCC55 /* Annotation */,
				6E6BA6582AC009E2004CCC55 /* Common */,
				6E1389C02ABFF81000C7CACA /* Extensions */,
				6E1389BD2ABDDA0000C7CACA /* Services */,
				6E6BA65B2AC00E87004CCC55 /* LocationModel */,
				6E1389BA2ABDD8CA00C7CACA /* ViewModel */,
				6E1389A22ABDD25A00C7CACA /* AppDelegate.swift */,
				6E1389A42ABDD25A00C7CACA /* SceneDelegate.swift */,
				6E1389A62ABDD25A00C7CACA /* ViewController.swift */,
				6E1389A82ABDD25A00C7CACA /* Main.storyboard */,
				6E1389AE2ABDD25B00C7CACA /* Assets.xcassets */,
				6E1389B02ABDD25B00C7CACA /* LaunchScreen.storyboard */,
				6E1389B32ABDD25B00C7CACA /* Info.plist */,
				6E1389AB2ABDD25A00C7CACA /* High_water_app.xcdatamodeld */,
			);
			path = "High-water-app";
			sourceTree = "<group>";
		};
		6E1389BA2ABDD8CA00C7CACA /* ViewModel */ = {
			isa = PBXGroup;
			children = (
				6E1389BB2ABDD94C00C7CACA /* LocationViewModel.swift */,
			);
			path = ViewModel;
			sourceTree = "<group>";
		};
		6E1389BD2ABDDA0000C7CACA /* Services */ = {
			isa = PBXGroup;
			children = (
				6E1389BE2ABDDA1200C7CACA /* LocationService.swift */,
				6E6BA65E2AC01259004CCC55 /* FirebaseService.swift */,
			);
			path = Services;
			sourceTree = "<group>";
		};
		6E1389C02ABFF81000C7CACA /* Extensions */ = {
			isa = PBXGroup;
			children = (
				6E6BA6622AC01580004CCC55 /* Structure+Extension.swift */,
				6E6BA66F2AC09C5C004CCC55 /* Date+Extension.swift */,
			);
			path = Extensions;
			sourceTree = "<group>";
		};
		6E6BA6582AC009E2004CCC55 /* Common */ = {
			isa = PBXGroup;
			children = (
				6E6BA6682AC0601F004CCC55 /* Images */,
				6E6BA6592AC009F6004CCC55 /* UserPreferences.swift */,
			);
			path = Common;
			sourceTree = "<group>";
		};
		6E6BA65B2AC00E87004CCC55 /* LocationModel */ = {
			isa = PBXGroup;
			children = (
				6E6BA65C2AC00E9E004CCC55 /* LocationModel.swift */,
			);
			path = LocationModel;
			sourceTree = "<group>";
		};
		6E6BA6682AC0601F004CCC55 /* Images */ = {
			isa = PBXGroup;
			children = (
				6E6BA6692AC06060004CCC55 /* 711-trash-toolbar.png */,
				6E6BA66B2AC06061004CCC55 /* 711-trash-toolbar@2x.png */,
				6E6BA66A2AC06060004CCC55 /* 711-trash-toolbar@3x.png */,
			);
			path = Images;
			sourceTree = "<group>";
		};
		6E6BA6712AC0B120004CCC55 /* Annotation */ = {
			isa = PBXGroup;
			children = (
				6E6BA6722AC0B130004CCC55 /* Annotation.swift */,
			);
			path = Annotation;
			sourceTree = "<group>";
		};
		806B3355B7D39B273F140174 /* Pods */ = {
			isa = PBXGroup;
			children = (
				597BCA176EEEC317E200D091 /* Pods-High-water-app.debug.xcconfig */,
				A7D827A42E5BF108C9EE7518 /* Pods-High-water-app.release.xcconfig */,
			);
			path = Pods;
			sourceTree = "<group>";
		};
		A59EEB8F4C8F30C25F943FBE /* Frameworks */ = {
			isa = PBXGroup;
			children = (
				E47C577513D43E833336D636 /* Pods_High_water_app.framework */,
			);
			name = Frameworks;
			sourceTree = "<group>";
		};
/* End PBXGroup section */

/* Begin PBXNativeTarget section */
		6E13899E2ABDD25A00C7CACA /* High-water-app */ = {
			isa = PBXNativeTarget;
			buildConfigurationList = 6E1389B62ABDD25B00C7CACA /* Build configuration list for PBXNativeTarget "High-water-app" */;
			buildPhases = (
				5AC2F65A740AE54EDE011676 /* [CP] Check Pods Manifest.lock */,
				6E13899B2ABDD25A00C7CACA /* Sources */,
				6E13899C2ABDD25A00C7CACA /* Frameworks */,
				6E13899D2ABDD25A00C7CACA /* Resources */,
				585F1CCE2F7300DB215D90F5 /* [CP] Embed Pods Frameworks */,
			);
			buildRules = (
			);
			dependencies = (
			);
			name = "High-water-app";
			productName = "High-water-app";
			productReference = 6E13899F2ABDD25A00C7CACA /* High-water-app.app */;
			productType = "com.apple.product-type.application";
		};
/* End PBXNativeTarget section */

/* Begin PBXProject section */
		6E1389972ABDD25A00C7CACA /* Project object */ = {
			isa = PBXProject;
			attributes = {
				BuildIndependentTargetsInParallel = 1;
				LastSwiftUpdateCheck = 1400;
				LastUpgradeCheck = 1400;
				TargetAttributes = {
					6E13899E2ABDD25A00C7CACA = {
						CreatedOnToolsVersion = 14.0.1;
					};
				};
			};
			buildConfigurationList = 6E13899A2ABDD25A00C7CACA /* Build configuration list for PBXProject "High-water-app" */;
			compatibilityVersion = "Xcode 14.0";
			developmentRegion = en;
			hasScannedForEncodings = 0;
			knownRegions = (
				en,
				Base,
			);
			mainGroup = 6E1389962ABDD25A00C7CACA;
			productRefGroup = 6E1389A02ABDD25A00C7CACA /* Products */;
			projectDirPath = "";
			projectRoot = "";
			targets = (
				6E13899E2ABDD25A00C7CACA /* High-water-app */,
			);
		};
/* End PBXProject section */

/* Begin PBXResourcesBuildPhase section */
		6E13899D2ABDD25A00C7CACA /* Resources */ = {
			isa = PBXResourcesBuildPhase;
			buildActionMask = 2147483647;
			files = (
				6E6BA66D2AC06061004CCC55 /* 711-trash-toolbar@3x.png in Resources */,
				6E1389B22ABDD25B00C7CACA /* LaunchScreen.storyboard in Resources */,
				6E6BA66C2AC06061004CCC55 /* 711-trash-toolbar.png in Resources */,
				6E6BA66E2AC06061004CCC55 /* 711-trash-toolbar@2x.png in Resources */,
				6E6BA6652AC01CE4004CCC55 /* GoogleService-Info.plist in Resources */,
				6E1389AF2ABDD25B00C7CACA /* Assets.xcassets in Resources */,
				6E1389AA2ABDD25A00C7CACA /* Main.storyboard in Resources */,
			);
			runOnlyForDeploymentPostprocessing = 0;
		};
/* End PBXResourcesBuildPhase section */

/* Begin PBXShellScriptBuildPhase section */
		585F1CCE2F7300DB215D90F5 /* [CP] Embed Pods Frameworks */ = {
			isa = PBXShellScriptBuildPhase;
			buildActionMask = 2147483647;
			files = (
			);
			inputFileListPaths = (
				"${PODS_ROOT}/Target Support Files/Pods-High-water-app/Pods-High-water-app-frameworks-${CONFIGURATION}-input-files.xcfilelist",
			);
			name = "[CP] Embed Pods Frameworks";
			outputFileListPaths = (
				"${PODS_ROOT}/Target Support Files/Pods-High-water-app/Pods-High-water-app-frameworks-${CONFIGURATION}-output-files.xcfilelist",
			);
			runOnlyForDeploymentPostprocessing = 0;
			shellPath = /bin/sh;
			shellScript = "\"${PODS_ROOT}/Target Support Files/Pods-High-water-app/Pods-High-water-app-frameworks.sh\"\n";
			showEnvVarsInLog = 0;
		};
		5AC2F65A740AE54EDE011676 /* [CP] Check Pods Manifest.lock */ = {
			isa = PBXShellScriptBuildPhase;
			buildActionMask = 2147483647;
			files = (
			);
			inputFileListPaths = (
			);
			inputPaths = (
				"${PODS_PODFILE_DIR_PATH}/Podfile.lock",
				"${PODS_ROOT}/Manifest.lock",
			);
			name = "[CP] Check Pods Manifest.lock";
			outputFileListPaths = (
			);
			outputPaths = (
				"$(DERIVED_FILE_DIR)/Pods-High-water-app-checkManifestLockResult.txt",
			);
			runOnlyForDeploymentPostprocessing = 0;
			shellPath = /bin/sh;
			shellScript = "diff \"${PODS_PODFILE_DIR_PATH}/Podfile.lock\" \"${PODS_ROOT}/Manifest.lock\" > /dev/null\nif [ $? != 0 ] ; then\n    # print error to STDERR\n    echo \"error: The sandbox is not in sync with the Podfile.lock. Run 'pod install' or update your CocoaPods installation.\" >&2\n    exit 1\nfi\n# This output is used by Xcode 'outputs' to avoid re-running this script phase.\necho \"SUCCESS\" > \"${SCRIPT_OUTPUT_FILE_0}\"\n";
			showEnvVarsInLog = 0;
		};
/* End PBXShellScriptBuildPhase section */

/* Begin PBXSourcesBuildPhase section */
		6E13899B2ABDD25A00C7CACA /* Sources */ = {
			isa = PBXSourcesBuildPhase;
			buildActionMask = 2147483647;
			files = (
				6E1389A72ABDD25A00C7CACA /* ViewController.swift in Sources */,
				6E6BA6732AC0B130004CCC55 /* Annotation.swift in Sources */,
				6E6BA65A2AC009F6004CCC55 /* UserPreferences.swift in Sources */,
				6E1389AD2ABDD25A00C7CACA /* High_water_app.xcdatamodeld in Sources */,
				6E1389A32ABDD25A00C7CACA /* AppDelegate.swift in Sources */,
				6E6BA6632AC01580004CCC55 /* Structure+Extension.swift in Sources */,
				6E6BA65D2AC00E9E004CCC55 /* LocationModel.swift in Sources */,
				6E1389BC2ABDD94C00C7CACA /* LocationViewModel.swift in Sources */,
				6E6BA65F2AC01259004CCC55 /* FirebaseService.swift in Sources */,
				6E6BA6702AC09C5C004CCC55 /* Date+Extension.swift in Sources */,
				6E1389BF2ABDDA1200C7CACA /* LocationService.swift in Sources */,
				6E1389A52ABDD25A00C7CACA /* SceneDelegate.swift in Sources */,
			);
			runOnlyForDeploymentPostprocessing = 0;
		};
/* End PBXSourcesBuildPhase section */

/* Begin PBXVariantGroup section */
		6E1389A82ABDD25A00C7CACA /* Main.storyboard */ = {
			isa = PBXVariantGroup;
			children = (
				6E1389A92ABDD25A00C7CACA /* Base */,
			);
			name = Main.storyboard;
			sourceTree = "<group>";
		};
		6E1389B02ABDD25B00C7CACA /* LaunchScreen.storyboard */ = {
			isa = PBXVariantGroup;
			children = (
				6E1389B12ABDD25B00C7CACA /* Base */,
			);
			name = LaunchScreen.storyboard;
			sourceTree = "<group>";
		};
/* End PBXVariantGroup section */

/* Begin XCBuildConfiguration section */
		6E1389B42ABDD25B00C7CACA /* Debug */ = {
			isa = XCBuildConfiguration;
			buildSettings = {
				ALWAYS_SEARCH_USER_PATHS = NO;
				CLANG_ANALYZER_NONNULL = YES;
				CLANG_ANALYZER_NUMBER_OBJECT_CONVERSION = YES_AGGRESSIVE;
				CLANG_CXX_LANGUAGE_STANDARD = "gnu++20";
				CLANG_ENABLE_MODULES = YES;
				CLANG_ENABLE_OBJC_ARC = YES;
				CLANG_ENABLE_OBJC_WEAK = YES;
				CLANG_WARN_BLOCK_CAPTURE_AUTORELEASING = YES;
				CLANG_WARN_BOOL_CONVERSION = YES;
				CLANG_WARN_COMMA = YES;
				CLANG_WARN_CONSTANT_CONVERSION = YES;
				CLANG_WARN_DEPRECATED_OBJC_IMPLEMENTATIONS = YES;
				CLANG_WARN_DIRECT_OBJC_ISA_USAGE = YES_ERROR;
				CLANG_WARN_DOCUMENTATION_COMMENTS = YES;
				CLANG_WARN_EMPTY_BODY = YES;
				CLANG_WARN_ENUM_CONVERSION = YES;
				CLANG_WARN_INFINITE_RECURSION = YES;
				CLANG_WARN_INT_CONVERSION = YES;
				CLANG_WARN_NON_LITERAL_NULL_CONVERSION = YES;
				CLANG_WARN_OBJC_IMPLICIT_RETAIN_SELF = YES;
				CLANG_WARN_OBJC_LITERAL_CONVERSION = YES;
				CLANG_WARN_OBJC_ROOT_CLASS = YES_ERROR;
				CLANG_WARN_QUOTED_INCLUDE_IN_FRAMEWORK_HEADER = YES;
				CLANG_WARN_RANGE_LOOP_ANALYSIS = YES;
				CLANG_WARN_STRICT_PROTOTYPES = YES;
				CLANG_WARN_SUSPICIOUS_MOVE = YES;
				CLANG_WARN_UNGUARDED_AVAILABILITY = YES_AGGRESSIVE;
				CLANG_WARN_UNREACHABLE_CODE = YES;
				CLANG_WARN__DUPLICATE_METHOD_MATCH = YES;
				COPY_PHASE_STRIP = NO;
				DEBUG_INFORMATION_FORMAT = dwarf;
				ENABLE_STRICT_OBJC_MSGSEND = YES;
				ENABLE_TESTABILITY = YES;
				GCC_C_LANGUAGE_STANDARD = gnu11;
				GCC_DYNAMIC_NO_PIC = NO;
				GCC_NO_COMMON_BLOCKS = YES;
				GCC_OPTIMIZATION_LEVEL = 0;
				GCC_PREPROCESSOR_DEFINITIONS = (
					"DEBUG=1",
					"$(inherited)",
				);
				GCC_WARN_64_TO_32_BIT_CONVERSION = YES;
				GCC_WARN_ABOUT_RETURN_TYPE = YES_ERROR;
				GCC_WARN_UNDECLARED_SELECTOR = YES;
				GCC_WARN_UNINITIALIZED_AUTOS = YES_AGGRESSIVE;
				GCC_WARN_UNUSED_FUNCTION = YES;
				GCC_WARN_UNUSED_VARIABLE = YES;
				IPHONEOS_DEPLOYMENT_TARGET = 14.0;
				MTL_ENABLE_DEBUG_INFO = INCLUDE_SOURCE;
				MTL_FAST_MATH = YES;
				ONLY_ACTIVE_ARCH = YES;
				SDKROOT = iphoneos;
				SWIFT_ACTIVE_COMPILATION_CONDITIONS = DEBUG;
				SWIFT_OPTIMIZATION_LEVEL = "-Onone";
			};
			name = Debug;
		};
		6E1389B52ABDD25B00C7CACA /* Release */ = {
			isa = XCBuildConfiguration;
			buildSettings = {
				ALWAYS_SEARCH_USER_PATHS = NO;
				CLANG_ANALYZER_NONNULL = YES;
				CLANG_ANALYZER_NUMBER_OBJECT_CONVERSION = YES_AGGRESSIVE;
				CLANG_CXX_LANGUAGE_STANDARD = "gnu++20";
				CLANG_ENABLE_MODULES = YES;
				CLANG_ENABLE_OBJC_ARC = YES;
				CLANG_ENABLE_OBJC_WEAK = YES;
				CLANG_WARN_BLOCK_CAPTURE_AUTORELEASING = YES;
				CLANG_WARN_BOOL_CONVERSION = YES;
				CLANG_WARN_COMMA = YES;
				CLANG_WARN_CONSTANT_CONVERSION = YES;
				CLANG_WARN_DEPRECATED_OBJC_IMPLEMENTATIONS = YES;
				CLANG_WARN_DIRECT_OBJC_ISA_USAGE = YES_ERROR;
				CLANG_WARN_DOCUMENTATION_COMMENTS = YES;
				CLANG_WARN_EMPTY_BODY = YES;
				CLANG_WARN_ENUM_CONVERSION = YES;
				CLANG_WARN_INFINITE_RECURSION = YES;
				CLANG_WARN_INT_CONVERSION = YES;
				CLANG_WARN_NON_LITERAL_NULL_CONVERSION = YES;
				CLANG_WARN_OBJC_IMPLICIT_RETAIN_SELF = YES;
				CLANG_WARN_OBJC_LITERAL_CONVERSION = YES;
				CLANG_WARN_OBJC_ROOT_CLASS = YES_ERROR;
				CLANG_WARN_QUOTED_INCLUDE_IN_FRAMEWORK_HEADER = YES;
				CLANG_WARN_RANGE_LOOP_ANALYSIS = YES;
				CLANG_WARN_STRICT_PROTOTYPES = YES;
				CLANG_WARN_SUSPICIOUS_MOVE = YES;
				CLANG_WARN_UNGUARDED_AVAILABILITY = YES_AGGRESSIVE;
				CLANG_WARN_UNREACHABLE_CODE = YES;
				CLANG_WARN__DUPLICATE_METHOD_MATCH = YES;
				COPY_PHASE_STRIP = NO;
				DEBUG_INFORMATION_FORMAT = "dwarf-with-dsym";
				ENABLE_NS_ASSERTIONS = NO;
				ENABLE_STRICT_OBJC_MSGSEND = YES;
				GCC_C_LANGUAGE_STANDARD = gnu11;
				GCC_NO_COMMON_BLOCKS = YES;
				GCC_WARN_64_TO_32_BIT_CONVERSION = YES;
				GCC_WARN_ABOUT_RETURN_TYPE = YES_ERROR;
				GCC_WARN_UNDECLARED_SELECTOR = YES;
				GCC_WARN_UNINITIALIZED_AUTOS = YES_AGGRESSIVE;
				GCC_WARN_UNUSED_FUNCTION = YES;
				GCC_WARN_UNUSED_VARIABLE = YES;
				IPHONEOS_DEPLOYMENT_TARGET = 14.0;
				MTL_ENABLE_DEBUG_INFO = NO;
				MTL_FAST_MATH = YES;
				SDKROOT = iphoneos;
				SWIFT_COMPILATION_MODE = wholemodule;
				SWIFT_OPTIMIZATION_LEVEL = "-O";
				VALIDATE_PRODUCT = YES;
			};
			name = Release;
		};
		6E1389B72ABDD25B00C7CACA /* Debug */ = {
			isa = XCBuildConfiguration;
			baseConfigurationReference = 597BCA176EEEC317E200D091 /* Pods-High-water-app.debug.xcconfig */;
			buildSettings = {
				ASSETCATALOG_COMPILER_APPICON_NAME = AppIcon;
				ASSETCATALOG_COMPILER_GLOBAL_ACCENT_COLOR_NAME = AccentColor;
				CODE_SIGN_STYLE = Automatic;
				CURRENT_PROJECT_VERSION = 1;
				DEVELOPMENT_TEAM = 7FR7T98PVQ;
				GENERATE_INFOPLIST_FILE = YES;
				INFOPLIST_FILE = "High-water-app/Info.plist";
				INFOPLIST_KEY_UIApplicationSupportsIndirectInputEvents = YES;
				INFOPLIST_KEY_UILaunchStoryboardName = LaunchScreen;
				INFOPLIST_KEY_UIMainStoryboardFile = Main;
				INFOPLIST_KEY_UISupportedInterfaceOrientations_iPad = "UIInterfaceOrientationPortrait UIInterfaceOrientationPortraitUpsideDown UIInterfaceOrientationLandscapeLeft UIInterfaceOrientationLandscapeRight";
				INFOPLIST_KEY_UISupportedInterfaceOrientations_iPhone = "UIInterfaceOrientationPortrait UIInterfaceOrientationLandscapeLeft UIInterfaceOrientationLandscapeRight";
				LD_RUNPATH_SEARCH_PATHS = (
					"$(inherited)",
					"@executable_path/Frameworks",
				);
				MARKETING_VERSION = 1.0;
				PRODUCT_BUNDLE_IDENTIFIER = "anoop.High-water-app";
				PRODUCT_NAME = "$(TARGET_NAME)";
				SWIFT_EMIT_LOC_STRINGS = YES;
				SWIFT_VERSION = 5.0;
				TARGETED_DEVICE_FAMILY = "1,2";
			};
			name = Debug;
		};
		6E1389B82ABDD25B00C7CACA /* Release */ = {
			isa = XCBuildConfiguration;
			baseConfigurationReference = A7D827A42E5BF108C9EE7518 /* Pods-High-water-app.release.xcconfig */;
			buildSettings = {
				ASSETCATALOG_COMPILER_APPICON_NAME = AppIcon;
				ASSETCATALOG_COMPILER_GLOBAL_ACCENT_COLOR_NAME = AccentColor;
				CODE_SIGN_STYLE = Automatic;
				CURRENT_PROJECT_VERSION = 1;
				DEVELOPMENT_TEAM = 7FR7T98PVQ;
				GENERATE_INFOPLIST_FILE = YES;
				INFOPLIST_FILE = "High-water-app/Info.plist";
				INFOPLIST_KEY_UIApplicationSupportsIndirectInputEvents = YES;
				INFOPLIST_KEY_UILaunchStoryboardName = LaunchScreen;
				INFOPLIST_KEY_UIMainStoryboardFile = Main;
				INFOPLIST_KEY_UISupportedInterfaceOrientations_iPad = "UIInterfaceOrientationPortrait UIInterfaceOrientationPortraitUpsideDown UIInterfaceOrientationLandscapeLeft UIInterfaceOrientationLandscapeRight";
				INFOPLIST_KEY_UISupportedInterfaceOrientations_iPhone = "UIInterfaceOrientationPortrait UIInterfaceOrientationLandscapeLeft UIInterfaceOrientationLandscapeRight";
				LD_RUNPATH_SEARCH_PATHS = (
					"$(inherited)",
					"@executable_path/Frameworks",
				);
				MARKETING_VERSION = 1.0;
				PRODUCT_BUNDLE_IDENTIFIER = "anoop.High-water-app";
				PRODUCT_NAME = "$(TARGET_NAME)";
				SWIFT_EMIT_LOC_STRINGS = YES;
				SWIFT_VERSION = 5.0;
				TARGETED_DEVICE_FAMILY = "1,2";
			};
			name = Release;
		};
/* End XCBuildConfiguration section */

/* Begin XCConfigurationList section */
		6E13899A2ABDD25A00C7CACA /* Build configuration list for PBXProject "High-water-app" */ = {
			isa = XCConfigurationList;
			buildConfigurations = (
				6E1389B42ABDD25B00C7CACA /* Debug */,
				6E1389B52ABDD25B00C7CACA /* Release */,
			);
			defaultConfigurationIsVisible = 0;
			defaultConfigurationName = Release;
		};
		6E1389B62ABDD25B00C7CACA /* Build configuration list for PBXNativeTarget "High-water-app" */ = {
			isa = XCConfigurationList;
			buildConfigurations = (
				6E1389B72ABDD25B00C7CACA /* Debug */,
				6E1389B82ABDD25B00C7CACA /* Release */,
			);
			defaultConfigurationIsVisible = 0;
			defaultConfigurationName = Release;
		};
/* End XCConfigurationList section */

/* Begin XCVersionGroup section */
		6E1389AB2ABDD25A00C7CACA /* High_water_app.xcdatamodeld */ = {
			isa = XCVersionGroup;
			children = (
				6E1389AC2ABDD25A00C7CACA /* High_water_app.xcdatamodel */,
			);
			currentVersion = 6E1389AC2ABDD25A00C7CACA /* High_water_app.xcdatamodel */;
			path = High_water_app.xcdatamodeld;
			sourceTree = "<group>";
			versionGroupType = wrapper.xcdatamodel;
		};
/* End XCVersionGroup section */
	};
	rootObject = 6E1389972ABDD25A00C7CACA /* Project object */;
}
